
Microsoft Visual Studio Solution File, Format Version 12.00
# Visual Studio Version 17
VisualStudioVersion = 17.4.33205.214
MinimumVisualStudioVersion = 10.0.40219.1
Project("{FAE04EC0-301F-11D3-BF4B-00C04F79EFBC}") = "ApiCadastroCliente", "ApiCadastroCliente\ApiCadastroCliente.csproj", "{AD9BC4B9-A532-44E5-BF3E-43DD88B21467}"
EndProject
Global
	GlobalSection(SolutionConfigurationPlatforms) = preSolution
		Debug|Any CPU = Debug|Any CPU
		Release|Any CPU = Release|Any CPU
	EndGlobalSection
	GlobalSection(ProjectConfigurationPlatforms) = postSolution
		{AD9BC4B9-A532-44E5-BF3E-43DD88B21467}.Debug|Any CPU.ActiveCfg = Debug|Any CPU
		{AD9BC4B9-A532-44E5-BF3E-43DD88B21467}.Debug|Any CPU.Build.0 = Debug|Any CPU
		{AD9BC4B9-A532-44E5-BF3E-43DD88B21467}.Release|Any CPU.ActiveCfg = Release|Any CPU
		{AD9BC4B9-A532-44E5-BF3E-43DD88B21467}.Release|Any CPU.Build.0 = Release|Any CPU
	EndGlobalSection
	GlobalSection(SolutionProperties) = preSolution
		HideSolutionNode = FALSE
	EndGlobalSection
	GlobalSection(ExtensibilityGlobals) = postSolution
		SolutionGuid = {F6B08F0E-BF7F-4BBF-AAAA-B8772EFE875E}
	EndGlobalSection
EndGlobal
